
Microsoft Visual Studio Solution File, Format Version 12.00
# Visual Studio Version 17
VisualStudioVersion = 17.0.31903.59
MinimumVisualStudioVersion = 10.0.40219.1
Project("{2150E333-8FDC-42A3-9474-1A3956D46DE8}") = "Packages", "Packages", "{809F86A1-1C4C-B159-0CD4-DF9D33D876CE}"
EndProject
Project("{FAE04EC0-301F-11D3-BF4B-00C04F79EFBC}") = "KasaClient.ProcessorTests", "packages\KasaClient.ProcessorTests\KasaClient.ProcessorTests.csproj", "{455EFA68-B339-4F66-8C0F-B1EDEE90D02F}"
EndProject
Project("{2150E333-8FDC-42A3-9474-1A3956D46DE8}") = "Libraries", "Libraries", "{F2E35B3E-9711-EDEC-6202-DB40BDEED14A}"
EndProject
Project("{FAE04EC0-301F-11D3-BF4B-00C04F79EFBC}") = "KasaTapoClient", "sources\KasaClient\KasaClient\KasaTapoClient.csproj", "{C25096DE-F482-47C7-9125-F21E3F406BF5}"
EndProject
Project("{FAE04EC0-301F-11D3-BF4B-00C04F79EFBC}") = "KasaClient.Tests", "sources\KasaClient\KasaClient.Tests\KasaClient.Tests.csproj", "{553B3637-AF4B-4DC2-B090-996499181D8C}"
EndProject
Project("{2150E333-8FDC-42A3-9474-1A3956D46DE8}") = "Runner", "Runner", "{670CFE11-21B1-39BF-3A5B-4FA10AB6CBEB}"
EndProject
Project("{FAE04EC0-301F-11D3-BF4B-00C04F79EFBC}") = "CrestronHomeNUnit.Runner", "sources\CrestronHomeNUnit\CrestronHomeNUnit.Runner\CrestronHomeNUnit.Runner.csproj", "{73CCBF32-B788-4CF9-8634-FC7FF280150B}"
EndProject
Project("{FAE04EC0-301F-11D3-BF4B-00C04F79EFBC}") = "CrestronHomeNUnit.Transport", "sources\CrestronHomeNUnit\CrestronHomeNUnit.Transport\CrestronHomeNUnit.Transport.csproj", "{C728A8AF-3445-4ABE-BC72-ADF82B5EC382}"
EndProject
Project("{FAE04EC0-301F-11D3-BF4B-00C04F79EFBC}") = "TeslaPowerwallLibrary.ProcessorTests", "packages\TeslaPowerwallLibrary.ProcessorTests\TeslaPowerwallLibrary.ProcessorTests.csproj", "{E1CC5678-93BF-420D-BF78-23DBF79B2121}"
EndProject
Project("{FAE04EC0-301F-11D3-BF4B-00C04F79EFBC}") = "TeslaPowerwallLibrary", "sources\TeslaPowerwallLibrary\TeslaPowerwallLibrary\TeslaPowerwallLibrary.csproj", "{C2C68859-E0FE-4477-967C-DD89C61AD452}"
EndProject
Project("{FAE04EC0-301F-11D3-BF4B-00C04F79EFBC}") = "TeslaPowerwallLibrary.Tests", "sources\TeslaPowerwallLibrary\TeslaPowerwallLibrary.Tests\TeslaPowerwallLibrary.Tests.csproj", "{F3ADF5CB-581F-4ECD-A1B0-EE03025B1167}"
EndProject
Project("{FAE04EC0-301F-11D3-BF4B-00C04F79EFBC}") = "AppleTVControlLibrary.ProcessorTests", "packages\AppleTVControlLibrary.ProcessorTests\AppleTVControlLibrary.ProcessorTests.csproj", "{6B553755-C101-4F4A-86D5-376F2E6CC928}"
EndProject
Project("{2150E333-8FDC-42A3-9474-1A3956D46DE8}") = "AppleTVControlLibrary", "AppleTVControlLibrary", "{037D6CD3-6CB2-CB2D-809B-1E39425F8F5E}"
EndProject
Project("{FAE04EC0-301F-11D3-BF4B-00C04F79EFBC}") = "AppleTV.Companion", "sources\AppleTVControlLibrary\src\AppleTV.Companion\AppleTV.Companion.csproj", "{74EA55FD-9623-4242-89C2-673291AE9A01}"
EndProject
Project("{FAE04EC0-301F-11D3-BF4B-00C04F79EFBC}") = "AppleTv.Hap", "sources\AppleTVControlLibrary\src\AppleTv.Hap\AppleTv.Hap.csproj", "{756D9692-E3F1-40A0-A099-B79D5F7E0DE4}"
EndProject
Project("{FAE04EC0-301F-11D3-BF4B-00C04F79EFBC}") = "AppleTV.Companion.Discovery", "sources\AppleTVControlLibrary\src\AppleTV.Companion.Discovery\AppleTV.Companion.Discovery.csproj", "{FF2F5908-95FE-48B8-9F26-19B8EC70E48E}"
EndProject
Project("{FAE04EC0-301F-11D3-BF4B-00C04F79EFBC}") = "AppleTv.Mrp", "sources\AppleTVControlLibrary\src\AppleTv.Mrp\AppleTv.Mrp.csproj", "{2AB799A7-2273-427C-A26F-16E2A0C363A6}"
EndProject
Project("{FAE04EC0-301F-11D3-BF4B-00C04F79EFBC}") = "AppleTV.Companion.Tests", "sources\AppleTVControlLibrary\tests\AppleTV.Companion.Tests\AppleTV.Companion.Tests.csproj", "{8ADDEB98-33BE-47DA-AD1B-E10C95474D52}"
EndProject
Project("{FAE04EC0-301F-11D3-BF4B-00C04F79EFBC}") = "AppleTV.Companion.FakeDevice", "sources\AppleTVControlLibrary\tests\AppleTV.Companion.FakeDevice\AppleTV.Companion.FakeDevice.csproj", "{D27FDE44-05B8-42D6-BA0E-12959FF6DDAF}"
EndProject
Project("{FAE04EC0-301F-11D3-BF4B-00C04F79EFBC}") = "AppleTV.Companion.LiveTests", "sources\AppleTVControlLibrary\tests\AppleTV.Companion.LiveTests\AppleTV.Companion.LiveTests.csproj", "{22E01ADD-2E43-46C8-B070-9295A74C41CE}"
EndProject
Project("{FAE04EC0-301F-11D3-BF4B-00C04F79EFBC}") = "AppleTv.Hap.Tests", "sources\AppleTVControlLibrary\tests\AppleTv.Hap.Tests\AppleTv.Hap.Tests.csproj", "{B3058462-826C-4F3D-A649-65921B0D96AA}"
EndProject
Project("{FAE04EC0-301F-11D3-BF4B-00C04F79EFBC}") = "AppleTv.Mrp.Tests", "sources\AppleTVControlLibrary\tests\AppleTv.Mrp.Tests\AppleTv.Mrp.Tests.csproj", "{6EEF549A-E0CD-4182-B23A-B43B51315FB9}"
EndProject
Project("{FAE04EC0-301F-11D3-BF4B-00C04F79EFBC}") = "AppleTv.Mrp.FakeDevice", "sources\AppleTVControlLibrary\tests\AppleTv.Mrp.FakeDevice\AppleTv.Mrp.FakeDevice.csproj", "{1EE961DA-6B75-4689-963C-5D19BF08227F}"
EndProject
Project("{FAE04EC0-301F-11D3-BF4B-00C04F79EFBC}") = "OverkizClient.ProcessorTests", "packages\OverkizClient.ProcessorTests\OverkizClient.ProcessorTests.csproj", "{ADDAD220-BF4B-4D05-9A81-A6BF993CBF38}"
EndProject
Project("{FAE04EC0-301F-11D3-BF4B-00C04F79EFBC}") = "OverKizApi", "sources\OverkizClient\OverKizApi\OverKizApi.csproj", "{FC355D43-142D-49F2-BBBC-D8D333448482}"
EndProject
Project("{FAE04EC0-301F-11D3-BF4B-00C04F79EFBC}") = "OverKizApi.Tests", "sources\OverkizClient\OverKizApi.Tests\OverKizApi.Tests.csproj", "{E5B815D2-D6EC-4586-9608-7F482783E9D5}"
EndProject
Global
	GlobalSection(SolutionConfigurationPlatforms) = preSolution
		Debug|Any CPU = Debug|Any CPU
		Debug|x64 = Debug|x64
		Debug|x86 = Debug|x86
		Release|Any CPU = Release|Any CPU
		Release|x64 = Release|x64
		Release|x86 = Release|x86
	EndGlobalSection
	GlobalSection(ProjectConfigurationPlatforms) = postSolution
		{455EFA68-B339-4F66-8C0F-B1EDEE90D02F}.Debug|Any CPU.ActiveCfg = Debug|Any CPU
		{455EFA68-B339-4F66-8C0F-B1EDEE90D02F}.Debug|Any CPU.Build.0 = Debug|Any CPU
		{455EFA68-B339-4F66-8C0F-B1EDEE90D02F}.Debug|x64.ActiveCfg = Debug|Any CPU
		{455EFA68-B339-4F66-8C0F-B1EDEE90D02F}.Debug|x64.Build.0 = Debug|Any CPU
		{455EFA68-B339-4F66-8C0F-B1EDEE90D02F}.Debug|x86.ActiveCfg = Debug|Any CPU
		{455EFA68-B339-4F66-8C0F-B1EDEE90D02F}.Debug|x86.Build.0 = Debug|Any CPU
		{455EFA68-B339-4F66-8C0F-B1EDEE90D02F}.Release|Any CPU.ActiveCfg = Release|Any CPU
		{455EFA68-B339-4F66-8C0F-B1EDEE90D02F}.Release|Any CPU.Build.0 = Release|Any CPU
		{455EFA68-B339-4F66-8C0F-B1EDEE90D02F}.Release|x64.ActiveCfg = Release|Any CPU
		{455EFA68-B339-4F66-8C0F-B1EDEE90D02F}.Release|x64.Build.0 = Release|Any CPU
		{455EFA68-B339-4F66-8C0F-B1EDEE90D02F}.Release|x86.ActiveCfg = Release|Any CPU
		{455EFA68-B339-4F66-8C0F-B1EDEE90D02F}.Release|x86.Build.0 = Release|Any CPU
		{C25096DE-F482-47C7-9125-F21E3F406BF5}.Debug|Any CPU.ActiveCfg = Debug|Any CPU
		{C25096DE-F482-47C7-9125-F21E3F406BF5}.Debug|Any CPU.Build.0 = Debug|Any CPU
		{C25096DE-F482-47C7-9125-F21E3F406BF5}.Debug|x64.ActiveCfg = Debug|Any CPU
		{C25096DE-F482-47C7-9125-F21E3F406BF5}.Debug|x64.Build.0 = Debug|Any CPU
		{C25096DE-F482-47C7-9125-F21E3F406BF5}.Debug|x86.ActiveCfg = Debug|Any CPU
		{C25096DE-F482-47C7-9125-F21E3F406BF5}.Debug|x86.Build.0 = Debug|Any CPU
		{C25096DE-F482-47C7-9125-F21E3F406BF5}.Release|Any CPU.ActiveCfg = Release|Any CPU
		{C25096DE-F482-47C7-9125-F21E3F406BF5}.Release|Any CPU.Build.0 = Release|Any CPU
		{C25096DE-F482-47C7-9125-F21E3F406BF5}.Release|x64.ActiveCfg = Release|Any CPU
		{C25096DE-F482-47C7-9125-F21E3F406BF5}.Release|x64.Build.0 = Release|Any CPU
		{C25096DE-F482-47C7-9125-F21E3F406BF5}.Release|x86.ActiveCfg = Release|Any CPU
		{C25096DE-F482-47C7-9125-F21E3F406BF5}.Release|x86.Build.0 = Release|Any CPU
		{553B3637-AF4B-4DC2-B090-996499181D8C}.Debug|Any CPU.ActiveCfg = Debug|Any CPU
		{553B3637-AF4B-4DC2-B090-996499181D8C}.Debug|Any CPU.Build.0 = Debug|Any CPU
		{553B3637-AF4B-4DC2-B090-996499181D8C}.Debug|x64.ActiveCfg = Debug|Any CPU
		{553B3637-AF4B-4DC2-B090-996499181D8C}.Debug|x64.Build.0 = Debug|Any CPU
		{553B3637-AF4B-4DC2-B090-996499181D8C}.Debug|x86.ActiveCfg = Debug|Any CPU
		{553B3637-AF4B-4DC2-B090-996499181D8C}.Debug|x86.Build.0 = Debug|Any CPU
		{553B3637-AF4B-4DC2-B090-996499181D8C}.Release|Any CPU.ActiveCfg = Release|Any CPU
		{553B3637-AF4B-4DC2-B090-996499181D8C}.Release|Any CPU.Build.0 = Release|Any CPU
		{553B3637-AF4B-4DC2-B090-996499181D8C}.Release|x64.ActiveCfg = Release|Any CPU
		{553B3637-AF4B-4DC2-B090-996499181D8C}.Release|x64.Build.0 = Release|Any CPU
		{553B3637-AF4B-4DC2-B090-996499181D8C}.Release|x86.ActiveCfg = Release|Any CPU
		{553B3637-AF4B-4DC2-B090-996499181D8C}.Release|x86.Build.0 = Release|Any CPU
		{73CCBF32-B788-4CF9-8634-FC7FF280150B}.Debug|Any CPU.ActiveCfg = Debug|Any CPU
		{73CCBF32-B788-4CF9-8634-FC7FF280150B}.Debug|Any CPU.Build.0 = Debug|Any CPU
		{73CCBF32-B788-4CF9-8634-FC7FF280150B}.Debug|x64.ActiveCfg = Debug|Any CPU
		{73CCBF32-B788-4CF9-8634-FC7FF280150B}.Debug|x64.Build.0 = Debug|Any CPU
		{73CCBF32-B788-4CF9-8634-FC7FF280150B}.Debug|x86.ActiveCfg = Debug|Any CPU
		{73CCBF32-B788-4CF9-8634-FC7FF280150B}.Debug|x86.Build.0 = Debug|Any CPU
		{73CCBF32-B788-4CF9-8634-FC7FF280150B}.Release|Any CPU.ActiveCfg = Release|Any CPU
		{73CCBF32-B788-4CF9-8634-FC7FF280150B}.Release|Any CPU.Build.0 = Release|Any CPU
		{73CCBF32-B788-4CF9-8634-FC7FF280150B}.Release|x64.ActiveCfg = Release|Any CPU
		{73CCBF32-B788-4CF9-8634-FC7FF280150B}.Release|x64.Build.0 = Release|Any CPU
		{73CCBF32-B788-4CF9-8634-FC7FF280150B}.Release|x86.ActiveCfg = Release|Any CPU
		{73CCBF32-B788-4CF9-8634-FC7FF280150B}.Release|x86.Build.0 = Release|Any CPU
		{C728A8AF-3445-4ABE-BC72-ADF82B5EC382}.Debug|Any CPU.ActiveCfg = Debug|Any CPU
		{C728A8AF-3445-4ABE-BC72-ADF82B5EC382}.Debug|Any CPU.Build.0 = Debug|Any CPU
		{C728A8AF-3445-4ABE-BC72-ADF82B5EC382}.Debug|x64.ActiveCfg = Debug|Any CPU
		{C728A8AF-3445-4ABE-BC72-ADF82B5EC382}.Debug|x64.Build.0 = Debug|Any CPU
		{C728A8AF-3445-4ABE-BC72-ADF82B5EC382}.Debug|x86.ActiveCfg = Debug|Any CPU
		{C728A8AF-3445-4ABE-BC72-ADF82B5EC382}.Debug|x86.Build.0 = Debug|Any CPU
		{C728A8AF-3445-4ABE-BC72-ADF82B5EC382}.Release|Any CPU.ActiveCfg = Release|Any CPU
		{C728A8AF-3445-4ABE-BC72-ADF82B5EC382}.Release|Any CPU.Build.0 = Release|Any CPU
		{C728A8AF-3445-4ABE-BC72-ADF82B5EC382}.Release|x64.ActiveCfg = Release|Any CPU
		{C728A8AF-3445-4ABE-BC72-ADF82B5EC382}.Release|x64.Build.0 = Release|Any CPU
		{C728A8AF-3445-4ABE-BC72-ADF82B5EC382}.Release|x86.ActiveCfg = Release|Any CPU
		{C728A8AF-3445-4ABE-BC72-ADF82B5EC382}.Release|x86.Build.0 = Release|Any CPU
		{E1CC5678-93BF-420D-BF78-23DBF79B2121}.Debug|Any CPU.ActiveCfg = Debug|Any CPU
		{E1CC5678-93BF-420D-BF78-23DBF79B2121}.Debug|Any CPU.Build.0 = Debug|Any CPU
		{E1CC5678-93BF-420D-BF78-23DBF79B2121}.Debug|x64.ActiveCfg = Debug|Any CPU
		{E1CC5678-93BF-420D-BF78-23DBF79B2121}.Debug|x64.Build.0 = Debug|Any CPU
		{E1CC5678-93BF-420D-BF78-23DBF79B2121}.Debug|x86.ActiveCfg = Debug|Any CPU
		{E1CC5678-93BF-420D-BF78-23DBF79B2121}.Debug|x86.Build.0 = Debug|Any CPU
		{E1CC5678-93BF-420D-BF78-23DBF79B2121}.Release|Any CPU.ActiveCfg = Release|Any CPU
		{E1CC5678-93BF-420D-BF78-23DBF79B2121}.Release|Any CPU.Build.0 = Release|Any CPU
		{E1CC5678-93BF-420D-BF78-23DBF79B2121}.Release|x64.ActiveCfg = Release|Any CPU
		{E1CC5678-93BF-420D-BF78-23DBF79B2121}.Release|x64.Build.0 = Release|Any CPU
		{E1CC5678-93BF-420D-BF78-23DBF79B2121}.Release|x86.ActiveCfg = Release|Any CPU
		{E1CC5678-93BF-420D-BF78-23DBF79B2121}.Release|x86.Build.0 = Release|Any CPU
		{C2C68859-E0FE-4477-967C-DD89C61AD452}.Debug|Any CPU.ActiveCfg = Debug|Any CPU
		{C2C68859-E0FE-4477-967C-DD89C61AD452}.Debug|Any CPU.Build.0 = Debug|Any CPU
		{C2C68859-E0FE-4477-967C-DD89C61AD452}.Debug|x64.ActiveCfg = Debug|Any CPU
		{C2C68859-E0FE-4477-967C-DD89C61AD452}.Debug|x64.Build.0 = Debug|Any CPU
		{C2C68859-E0FE-4477-967C-DD89C61AD452}.Debug|x86.ActiveCfg = Debug|Any CPU
		{C2C68859-E0FE-4477-967C-DD89C61AD452}.Debug|x86.Build.0 = Debug|Any CPU
		{C2C68859-E0FE-4477-967C-DD89C61AD452}.Release|Any CPU.ActiveCfg = Release|Any CPU
		{C2C68859-E0FE-4477-967C-DD89C61AD452}.Release|Any CPU.Build.0 = Release|Any CPU
		{C2C68859-E0FE-4477-967C-DD89C61AD452}.Release|x64.ActiveCfg = Release|Any CPU
		{C2C68859-E0FE-4477-967C-DD89C61AD452}.Release|x64.Build.0 = Release|Any CPU
		{C2C68859-E0FE-4477-967C-DD89C61AD452}.Release|x86.ActiveCfg = Release|Any CPU
		{C2C68859-E0FE-4477-967C-DD89C61AD452}.Release|x86.Build.0 = Release|Any CPU
		{F3ADF5CB-581F-4ECD-A1B0-EE03025B1167}.Debug|Any CPU.ActiveCfg = Debug|Any CPU
		{F3ADF5CB-581F-4ECD-A1B0-EE03025B1167}.Debug|Any CPU.Build.0 = Debug|Any CPU
		{F3ADF5CB-581F-4ECD-A1B0-EE03025B1167}.Debug|x64.ActiveCfg = Debug|Any CPU
		{F3ADF5CB-581F-4ECD-A1B0-EE03025B1167}.Debug|x64.Build.0 = Debug|Any CPU
		{F3ADF5CB-581F-4ECD-A1B0-EE03025B1167}.Debug|x86.ActiveCfg = Debug|Any CPU
		{F3ADF5CB-581F-4ECD-A1B0-EE03025B1167}.Debug|x86.Build.0 = Debug|Any CPU
		{F3ADF5CB-581F-4ECD-A1B0-EE03025B1167}.Release|Any CPU.ActiveCfg = Release|Any CPU
		{F3ADF5CB-581F-4ECD-A1B0-EE03025B1167}.Release|Any CPU.Build.0 = Release|Any CPU
		{F3ADF5CB-581F-4ECD-A1B0-EE03025B1167}.Release|x64.ActiveCfg = Release|Any CPU
		{F3ADF5CB-581F-4ECD-A1B0-EE03025B1167}.Release|x64.Build.0 = Release|Any CPU
		{F3ADF5CB-581F-4ECD-A1B0-EE03025B1167}.Release|x86.ActiveCfg = Release|Any CPU
		{F3ADF5CB-581F-4ECD-A1B0-EE03025B1167}.Release|x86.Build.0 = Release|Any CPU
		{6B553755-C101-4F4A-86D5-376F2E6CC928}.Debug|Any CPU.ActiveCfg = Debug|Any CPU
		{6B553755-C101-4F4A-86D5-376F2E6CC928}.Debug|Any CPU.Build.0 = Debug|Any CPU
		{6B553755-C101-4F4A-86D5-376F2E6CC928}.Debug|x64.ActiveCfg = Debug|Any CPU
		{6B553755-C101-4F4A-86D5-376F2E6CC928}.Debug|x64.Build.0 = Debug|Any CPU
		{6B553755-C101-4F4A-86D5-376F2E6CC928}.Debug|x86.ActiveCfg = Debug|Any CPU
		{6B553755-C101-4F4A-86D5-376F2E6CC928}.Debug|x86.Build.0 = Debug|Any CPU
		{6B553755-C101-4F4A-86D5-376F2E6CC928}.Release|Any CPU.ActiveCfg = Release|Any CPU
		{6B553755-C101-4F4A-86D5-376F2E6CC928}.Release|Any CPU.Build.0 = Release|Any CPU
		{6B553755-C101-4F4A-86D5-376F2E6CC928}.Release|x64.ActiveCfg = Release|Any CPU
		{6B553755-C101-4F4A-86D5-376F2E6CC928}.Release|x64.Build.0 = Release|Any CPU
		{6B553755-C101-4F4A-86D5-376F2E6CC928}.Release|x86.ActiveCfg = Release|Any CPU
		{6B553755-C101-4F4A-86D5-376F2E6CC928}.Release|x86.Build.0 = Release|Any CPU
		{74EA55FD-9623-4242-89C2-673291AE9A01}.Debug|Any CPU.ActiveCfg = Debug|Any CPU
		{74EA55FD-9623-4242-89C2-673291AE9A01}.Debug|Any CPU.Build.0 = Debug|Any CPU
		{74EA55FD-9623-4242-89C2-673291AE9A01}.Debug|x64.ActiveCfg = Debug|Any CPU
		{74EA55FD-9623-4242-89C2-673291AE9A01}.Debug|x64.Build.0 = Debug|Any CPU
		{74EA55FD-9623-4242-89C2-673291AE9A01}.Debug|x86.ActiveCfg = Debug|Any CPU
		{74EA55FD-9623-4242-89C2-673291AE9A01}.Debug|x86.Build.0 = Debug|Any CPU
		{74EA55FD-9623-4242-89C2-673291AE9A01}.Release|Any CPU.ActiveCfg = Release|Any CPU
		{74EA55FD-9623-4242-89C2-673291AE9A01}.Release|Any CPU.Build.0 = Release|Any CPU
		{74EA55FD-9623-4242-89C2-673291AE9A01}.Release|x64.ActiveCfg = Release|Any CPU
		{74EA55FD-9623-4242-89C2-673291AE9A01}.Release|x64.Build.0 = Release|Any CPU
		{74EA55FD-9623-4242-89C2-673291AE9A01}.Release|x86.ActiveCfg = Release|Any CPU
		{74EA55FD-9623-4242-89C2-673291AE9A01}.Release|x86.Build.0 = Release|Any CPU
		{756D9692-E3F1-40A0-A099-B79D5F7E0DE4}.Debug|Any CPU.ActiveCfg = Debug|Any CPU
		{756D9692-E3F1-40A0-A099-B79D5F7E0DE4}.Debug|Any CPU.Build.0 = Debug|Any CPU
		{756D9692-E3F1-40A0-A099-B79D5F7E0DE4}.Debug|x64.ActiveCfg = Debug|Any CPU
		{756D9692-E3F1-40A0-A099-B79D5F7E0DE4}.Debug|x64.Build.0 = Debug|Any CPU
		{756D9692-E3F1-40A0-A099-B79D5F7E0DE4}.Debug|x86.ActiveCfg = Debug|Any CPU
		{756D9692-E3F1-40A0-A099-B79D5F7E0DE4}.Debug|x86.Build.0 = Debug|Any CPU
		{756D9692-E3F1-40A0-A099-B79D5F7E0DE4}.Release|Any CPU.ActiveCfg = Release|Any CPU
		{756D9692-E3F1-40A0-A099-B79D5F7E0DE4}.Release|Any CPU.Build.0 = Release|Any CPU
		{756D9692-E3F1-40A0-A099-B79D5F7E0DE4}.Release|x64.ActiveCfg = Release|Any CPU
		{756D9692-E3F1-40A0-A099-B79D5F7E0DE4}.Release|x64.Build.0 = Release|Any CPU
		{756D9692-E3F1-40A0-A099-B79D5F7E0DE4}.Release|x86.ActiveCfg = Release|Any CPU
		{756D9692-E3F1-40A0-A099-B79D5F7E0DE4}.Release|x86.Build.0 = Release|Any CPU
		{FF2F5908-95FE-48B8-9F26-19B8EC70E48E}.Debug|Any CPU.ActiveCfg = Debug|Any CPU
		{FF2F5908-95FE-48B8-9F26-19B8EC70E48E}.Debug|Any CPU.Build.0 = Debug|Any CPU
		{FF2F5908-95FE-48B8-9F26-19B8EC70E48E}.Debug|x64.ActiveCfg = Debug|Any CPU
		{FF2F5908-95FE-48B8-9F26-19B8EC70E48E}.Debug|x64.Build.0 = Debug|Any CPU
		{FF2F5908-95FE-48B8-9F26-19B8EC70E48E}.Debug|x86.ActiveCfg = Debug|Any CPU
		{FF2F5908-95FE-48B8-9F26-19B8EC70E48E}.Debug|x86.Build.0 = Debug|Any CPU
		{FF2F5908-95FE-48B8-9F26-19B8EC70E48E}.Release|Any CPU.ActiveCfg = Release|Any CPU
		{FF2F5908-95FE-48B8-9F26-19B8EC70E48E}.Release|Any CPU.Build.0 = Release|Any CPU
		{FF2F5908-95FE-48B8-9F26-19B8EC70E48E}.Release|x64.ActiveCfg = Release|Any CPU
		{FF2F5908-95FE-48B8-9F26-19B8EC70E48E}.Release|x64.Build.0 = Release|Any CPU
		{FF2F5908-95FE-48B8-9F26-19B8EC70E48E}.Release|x86.ActiveCfg = Release|Any CPU
		{FF2F5908-95FE-48B8-9F26-19B8EC70E48E}.Release|x86.Build.0 = Release|Any CPU
		{2AB799A7-2273-427C-A26F-16E2A0C363A6}.Debug|Any CPU.ActiveCfg = Debug|Any CPU
		{2AB799A7-2273-427C-A26F-16E2A0C363A6}.Debug|Any CPU.Build.0 = Debug|Any CPU
		{2AB799A7-2273-427C-A26F-16E2A0C363A6}.Debug|x64.ActiveCfg = Debug|Any CPU
		{2AB799A7-2273-427C-A26F-16E2A0C363A6}.Debug|x64.Build.0 = Debug|Any CPU
		{2AB799A7-2273-427C-A26F-16E2A0C363A6}.Debug|x86.ActiveCfg = Debug|Any CPU
		{2AB799A7-2273-427C-A26F-16E2A0C363A6}.Debug|x86.Build.0 = Debug|Any CPU
		{2AB799A7-2273-427C-A26F-16E2A0C363A6}.Release|Any CPU.ActiveCfg = Release|Any CPU
		{2AB799A7-2273-427C-A26F-16E2A0C363A6}.Release|Any CPU.Build.0 = Release|Any CPU
		{2AB799A7-2273-427C-A26F-16E2A0C363A6}.Release|x64.ActiveCfg = Release|Any CPU
		{2AB799A7-2273-427C-A26F-16E2A0C363A6}.Release|x64.Build.0 = Release|Any CPU
		{2AB799A7-2273-427C-A26F-16E2A0C363A6}.Release|x86.ActiveCfg = Release|Any CPU
		{2AB799A7-2273-427C-A26F-16E2A0C363A6}.Release|x86.Build.0 = Release|Any CPU
		{8ADDEB98-33BE-47DA-AD1B-E10C95474D52}.Debug|Any CPU.ActiveCfg = Debug|Any CPU
		{8ADDEB98-33BE-47DA-AD1B-E10C95474D52}.Debug|Any CPU.Build.0 = Debug|Any CPU
		{8ADDEB98-33BE-47DA-AD1B-E10C95474D52}.Debug|x64.ActiveCfg = Debug|Any CPU
		{8ADDEB98-33BE-47DA-AD1B-E10C95474D52}.Debug|x64.Build.0 = Debug|Any CPU
		{8ADDEB98-33BE-47DA-AD1B-E10C95474D52}.Debug|x86.ActiveCfg = Debug|Any CPU
		{8ADDEB98-33BE-47DA-AD1B-E10C95474D52}.Debug|x86.Build.0 = Debug|Any CPU
		{8ADDEB98-33BE-47DA-AD1B-E10C95474D52}.Release|Any CPU.ActiveCfg = Release|Any CPU
		{8ADDEB98-33BE-47DA-AD1B-E10C95474D52}.Release|Any CPU.Build.0 = Release|Any CPU
		{8ADDEB98-33BE-47DA-AD1B-E10C95474D52}.Release|x64.ActiveCfg = Release|Any CPU
		{8ADDEB98-33BE-47DA-AD1B-E10C95474D52}.Release|x64.Build.0 = Release|Any CPU
		{8ADDEB98-33BE-47DA-AD1B-E10C95474D52}.Release|x86.ActiveCfg = Release|Any CPU
		{8ADDEB98-33BE-47DA-AD1B-E10C95474D52}.Release|x86.Build.0 = Release|Any CPU
		{D27FDE44-05B8-42D6-BA0E-12959FF6DDAF}.Debug|Any CPU.ActiveCfg = Debug|Any CPU
		{D27FDE44-05B8-42D6-BA0E-12959FF6DDAF}.Debug|Any CPU.Build.0 = Debug|Any CPU
		{D27FDE44-05B8-42D6-BA0E-12959FF6DDAF}.Debug|x64.ActiveCfg = Debug|Any CPU
		{D27FDE44-05B8-42D6-BA0E-12959FF6DDAF}.Debug|x64.Build.0 = Debug|Any CPU
		{D27FDE44-05B8-42D6-BA0E-12959FF6DDAF}.Debug|x86.ActiveCfg = Debug|Any CPU
		{D27FDE44-05B8-42D6-BA0E-12959FF6DDAF}.Debug|x86.Build.0 = Debug|Any CPU
		{D27FDE44-05B8-42D6-BA0E-12959FF6DDAF}.Release|Any CPU.ActiveCfg = Release|Any CPU
		{D27FDE44-05B8-42D6-BA0E-12959FF6DDAF}.Release|Any CPU.Build.0 = Release|Any CPU
		{D27FDE44-05B8-42D6-BA0E-12959FF6DDAF}.Release|x64.ActiveCfg = Release|Any CPU
		{D27FDE44-05B8-42D6-BA0E-12959FF6DDAF}.Release|x64.Build.0 = Release|Any CPU
		{D27FDE44-05B8-42D6-BA0E-12959FF6DDAF}.Release|x86.ActiveCfg = Release|Any CPU
		{D27FDE44-05B8-42D6-BA0E-12959FF6DDAF}.Release|x86.Build.0 = Release|Any CPU
		{22E01ADD-2E43-46C8-B070-9295A74C41CE}.Debug|Any CPU.ActiveCfg = Debug|Any CPU
		{22E01ADD-2E43-46C8-B070-9295A74C41CE}.Debug|Any CPU.Build.0 = Debug|Any CPU
		{22E01ADD-2E43-46C8-B070-9295A74C41CE}.Debug|x64.ActiveCfg = Debug|Any CPU
		{22E01ADD-2E43-46C8-B070-9295A74C41CE}.Debug|x64.Build.0 = Debug|Any CPU
		{22E01ADD-2E43-46C8-B070-9295A74C41CE}.Debug|x86.ActiveCfg = Debug|Any CPU
		{22E01ADD-2E43-46C8-B070-9295A74C41CE}.Debug|x86.Build.0 = Debug|Any CPU
		{22E01ADD-2E43-46C8-B070-9295A74C41CE}.Release|Any CPU.ActiveCfg = Release|Any CPU
		{22E01ADD-2E43-46C8-B070-9295A74C41CE}.Release|Any CPU.Build.0 = Release|Any CPU
		{22E01ADD-2E43-46C8-B070-9295A74C41CE}.Release|x64.ActiveCfg = Release|Any CPU
		{22E01ADD-2E43-46C8-B070-9295A74C41CE}.Release|x64.Build.0 = Release|Any CPU
		{22E01ADD-2E43-46C8-B070-9295A74C41CE}.Release|x86.ActiveCfg = Release|Any CPU
		{22E01ADD-2E43-46C8-B070-9295A74C41CE}.Release|x86.Build.0 = Release|Any CPU
		{B3058462-826C-4F3D-A649-65921B0D96AA}.Debug|Any CPU.ActiveCfg = Debug|Any CPU
		{B3058462-826C-4F3D-A649-65921B0D96AA}.Debug|Any CPU.Build.0 = Debug|Any CPU
		{B3058462-826C-4F3D-A649-65921B0D96AA}.Debug|x64.ActiveCfg = Debug|Any CPU
		{B3058462-826C-4F3D-A649-65921B0D96AA}.Debug|x64.Build.0 = Debug|Any CPU
		{B3058462-826C-4F3D-A649-65921B0D96AA}.Debug|x86.ActiveCfg = Debug|Any CPU
		{B3058462-826C-4F3D-A649-65921B0D96AA}.Debug|x86.Build.0 = Debug|Any CPU
		{B3058462-826C-4F3D-A649-65921B0D96AA}.Release|Any CPU.ActiveCfg = Release|Any CPU
		{B3058462-826C-4F3D-A649-65921B0D96AA}.Release|Any CPU.Build.0 = Release|Any CPU
		{B3058462-826C-4F3D-A649-65921B0D96AA}.Release|x64.ActiveCfg = Release|Any CPU
		{B3058462-826C-4F3D-A649-65921B0D96AA}.Release|x64.Build.0 = Release|Any CPU
		{B3058462-826C-4F3D-A649-65921B0D96AA}.Release|x86.ActiveCfg = Release|Any CPU
		{B3058462-826C-4F3D-A649-65921B0D96AA}.Release|x86.Build.0 = Release|Any CPU
		{6EEF549A-E0CD-4182-B23A-B43B51315FB9}.Debug|Any CPU.ActiveCfg = Debug|Any CPU
		{6EEF549A-E0CD-4182-B23A-B43B51315FB9}.Debug|Any CPU.Build.0 = Debug|Any CPU
		{6EEF549A-E0CD-4182-B23A-B43B51315FB9}.Debug|x64.ActiveCfg = Debug|Any CPU
		{6EEF549A-E0CD-4182-B23A-B43B51315FB9}.Debug|x64.Build.0 = Debug|Any CPU
		{6EEF549A-E0CD-4182-B23A-B43B51315FB9}.Debug|x86.ActiveCfg = Debug|Any CPU
		{6EEF549A-E0CD-4182-B23A-B43B51315FB9}.Debug|x86.Build.0 = Debug|Any CPU
		{6EEF549A-E0CD-4182-B23A-B43B51315FB9}.Release|Any CPU.ActiveCfg = Release|Any CPU
		{6EEF549A-E0CD-4182-B23A-B43B51315FB9}.Release|Any CPU.Build.0 = Release|Any CPU
		{6EEF549A-E0CD-4182-B23A-B43B51315FB9}.Release|x64.ActiveCfg = Release|Any CPU
		{6EEF549A-E0CD-4182-B23A-B43B51315FB9}.Release|x64.Build.0 = Release|Any CPU
		{6EEF549A-E0CD-4182-B23A-B43B51315FB9}.Release|x86.ActiveCfg = Release|Any CPU
		{6EEF549A-E0CD-4182-B23A-B43B51315FB9}.Release|x86.Build.0 = Release|Any CPU
		{1EE961DA-6B75-4689-963C-5D19BF08227F}.Debug|Any CPU.ActiveCfg = Debug|Any CPU
		{1EE961DA-6B75-4689-963C-5D19BF08227F}.Debug|Any CPU.Build.0 = Debug|Any CPU
		{1EE961DA-6B75-4689-963C-5D19BF08227F}.Debug|x64.ActiveCfg = Debug|Any CPU
		{1EE961DA-6B75-4689-963C-5D19BF08227F}.Debug|x64.Build.0 = Debug|Any CPU
		{1EE961DA-6B75-4689-963C-5D19BF08227F}.Debug|x86.ActiveCfg = Debug|Any CPU
		{1EE961DA-6B75-4689-963C-5D19BF08227F}.Debug|x86.Build.0 = Debug|Any CPU
		{1EE961DA-6B75-4689-963C-5D19BF08227F}.Release|Any CPU.ActiveCfg = Release|Any CPU
		{1EE961DA-6B75-4689-963C-5D19BF08227F}.Release|Any CPU.Build.0 = Release|Any CPU
		{1EE961DA-6B75-4689-963C-5D19BF08227F}.Release|x64.ActiveCfg = Release|Any CPU
		{1EE961DA-6B75-4689-963C-5D19BF08227F}.Release|x64.Build.0 = Release|Any CPU
		{1EE961DA-6B75-4689-963C-5D19BF08227F}.Release|x86.ActiveCfg = Release|Any CPU
		{1EE961DA-6B75-4689-963C-5D19BF08227F}.Release|x86.Build.0 = Release|Any CPU
		{ADDAD220-BF4B-4D05-9A81-A6BF993CBF38}.Debug|Any CPU.ActiveCfg = Debug|Any CPU
		{ADDAD220-BF4B-4D05-9A81-A6BF993CBF38}.Debug|Any CPU.Build.0 = Debug|Any CPU
		{ADDAD220-BF4B-4D05-9A81-A6BF993CBF38}.Debug|x64.ActiveCfg = Debug|Any CPU
		{ADDAD220-BF4B-4D05-9A81-A6BF993CBF38}.Debug|x64.Build.0 = Debug|Any CPU
		{ADDAD220-BF4B-4D05-9A81-A6BF993CBF38}.Debug|x86.ActiveCfg = Debug|Any CPU
		{ADDAD220-BF4B-4D05-9A81-A6BF993CBF38}.Debug|x86.Build.0 = Debug|Any CPU
		{ADDAD220-BF4B-4D05-9A81-A6BF993CBF38}.Release|Any CPU.ActiveCfg = Release|Any CPU
		{ADDAD220-BF4B-4D05-9A81-A6BF993CBF38}.Release|Any CPU.Build.0 = Release|Any CPU
		{ADDAD220-BF4B-4D05-9A81-A6BF993CBF38}.Release|x64.ActiveCfg = Release|Any CPU
		{ADDAD220-BF4B-4D05-9A81-A6BF993CBF38}.Release|x64.Build.0 = Release|Any CPU
		{ADDAD220-BF4B-4D05-9A81-A6BF993CBF38}.Release|x86.ActiveCfg = Release|Any CPU
		{ADDAD220-BF4B-4D05-9A81-A6BF993CBF38}.Release|x86.Build.0 = Release|Any CPU
		{FC355D43-142D-49F2-BBBC-D8D333448482}.Debug|Any CPU.ActiveCfg = Debug|Any CPU
		{FC355D43-142D-49F2-BBBC-D8D333448482}.Debug|Any CPU.Build.0 = Debug|Any CPU
		{FC355D43-142D-49F2-BBBC-D8D333448482}.Debug|x64.ActiveCfg = Debug|Any CPU
		{FC355D43-142D-49F2-BBBC-D8D333448482}.Debug|x64.Build.0 = Debug|Any CPU
		{FC355D43-142D-49F2-BBBC-D8D333448482}.Debug|x86.ActiveCfg = Debug|Any CPU
		{FC355D43-142D-49F2-BBBC-D8D333448482}.Debug|x86.Build.0 = Debug|Any CPU
		{FC355D43-142D-49F2-BBBC-D8D333448482}.Release|Any CPU.ActiveCfg = Release|Any CPU
		{FC355D43-142D-49F2-BBBC-D8D333448482}.Release|Any CPU.Build.0 = Release|Any CPU
		{FC355D43-142D-49F2-BBBC-D8D333448482}.Release|x64.ActiveCfg = Release|Any CPU
		{FC355D43-142D-49F2-BBBC-D8D333448482}.Release|x64.Build.0 = Release|Any CPU
		{FC355D43-142D-49F2-BBBC-D8D333448482}.Release|x86.ActiveCfg = Release|Any CPU
		{FC355D43-142D-49F2-BBBC-D8D333448482}.Release|x86.Build.0 = Release|Any CPU
		{E5B815D2-D6EC-4586-9608-7F482783E9D5}.Debug|Any CPU.ActiveCfg = Debug|Any CPU
		{E5B815D2-D6EC-4586-9608-7F482783E9D5}.Debug|Any CPU.Build.0 = Debug|Any CPU
		{E5B815D2-D6EC-4586-9608-7F482783E9D5}.Debug|x64.ActiveCfg = Debug|Any CPU
		{E5B815D2-D6EC-4586-9608-7F482783E9D5}.Debug|x64.Build.0 = Debug|Any CPU
		{E5B815D2-D6EC-4586-9608-7F482783E9D5}.Debug|x86.ActiveCfg = Debug|Any CPU
		{E5B815D2-D6EC-4586-9608-7F482783E9D5}.Debug|x86.Build.0 = Debug|Any CPU
		{E5B815D2-D6EC-4586-9608-7F482783E9D5}.Release|Any CPU.ActiveCfg = Release|Any CPU
		{E5B815D2-D6EC-4586-9608-7F482783E9D5}.Release|Any CPU.Build.0 = Release|Any CPU
		{E5B815D2-D6EC-4586-9608-7F482783E9D5}.Release|x64.ActiveCfg = Release|Any CPU
		{E5B815D2-D6EC-4586-9608-7F482783E9D5}.Release|x64.Build.0 = Release|Any CPU
		{E5B815D2-D6EC-4586-9608-7F482783E9D5}.Release|x86.ActiveCfg = Release|Any CPU
		{E5B815D2-D6EC-4586-9608-7F482783E9D5}.Release|x86.Build.0 = Release|Any CPU
	EndGlobalSection
	GlobalSection(SolutionProperties) = preSolution
		HideSolutionNode = FALSE
	EndGlobalSection
	GlobalSection(NestedProjects) = preSolution
		{455EFA68-B339-4F66-8C0F-B1EDEE90D02F} = {809F86A1-1C4C-B159-0CD4-DF9D33D876CE}
		{C25096DE-F482-47C7-9125-F21E3F406BF5} = {F2E35B3E-9711-EDEC-6202-DB40BDEED14A}
		{553B3637-AF4B-4DC2-B090-996499181D8C} = {F2E35B3E-9711-EDEC-6202-DB40BDEED14A}
		{73CCBF32-B788-4CF9-8634-FC7FF280150B} = {670CFE11-21B1-39BF-3A5B-4FA10AB6CBEB}
		{C728A8AF-3445-4ABE-BC72-ADF82B5EC382} = {670CFE11-21B1-39BF-3A5B-4FA10AB6CBEB}
		{E1CC5678-93BF-420D-BF78-23DBF79B2121} = {809F86A1-1C4C-B159-0CD4-DF9D33D876CE}
		{C2C68859-E0FE-4477-967C-DD89C61AD452} = {F2E35B3E-9711-EDEC-6202-DB40BDEED14A}
		{F3ADF5CB-581F-4ECD-A1B0-EE03025B1167} = {F2E35B3E-9711-EDEC-6202-DB40BDEED14A}
		{6B553755-C101-4F4A-86D5-376F2E6CC928} = {809F86A1-1C4C-B159-0CD4-DF9D33D876CE}
		{037D6CD3-6CB2-CB2D-809B-1E39425F8F5E} = {F2E35B3E-9711-EDEC-6202-DB40BDEED14A}
		{74EA55FD-9623-4242-89C2-673291AE9A01} = {037D6CD3-6CB2-CB2D-809B-1E39425F8F5E}
		{756D9692-E3F1-40A0-A099-B79D5F7E0DE4} = {037D6CD3-6CB2-CB2D-809B-1E39425F8F5E}
		{FF2F5908-95FE-48B8-9F26-19B8EC70E48E} = {037D6CD3-6CB2-CB2D-809B-1E39425F8F5E}
		{2AB799A7-2273-427C-A26F-16E2A0C363A6} = {037D6CD3-6CB2-CB2D-809B-1E39425F8F5E}
		{8ADDEB98-33BE-47DA-AD1B-E10C95474D52} = {037D6CD3-6CB2-CB2D-809B-1E39425F8F5E}
		{D27FDE44-05B8-42D6-BA0E-12959FF6DDAF} = {037D6CD3-6CB2-CB2D-809B-1E39425F8F5E}
		{22E01ADD-2E43-46C8-B070-9295A74C41CE} = {037D6CD3-6CB2-CB2D-809B-1E39425F8F5E}
		{B3058462-826C-4F3D-A649-65921B0D96AA} = {037D6CD3-6CB2-CB2D-809B-1E39425F8F5E}
		{6EEF549A-E0CD-4182-B23A-B43B51315FB9} = {037D6CD3-6CB2-CB2D-809B-1E39425F8F5E}
		{1EE961DA-6B75-4689-963C-5D19BF08227F} = {037D6CD3-6CB2-CB2D-809B-1E39425F8F5E}
		{ADDAD220-BF4B-4D05-9A81-A6BF993CBF38} = {809F86A1-1C4C-B159-0CD4-DF9D33D876CE}
		{FC355D43-142D-49F2-BBBC-D8D333448482} = {F2E35B3E-9711-EDEC-6202-DB40BDEED14A}
		{E5B815D2-D6EC-4586-9608-7F482783E9D5} = {F2E35B3E-9711-EDEC-6202-DB40BDEED14A}
	EndGlobalSection
EndGlobal
