
Microsoft Visual Studio Solution File, Format Version 12.00
# Visual Studio Version 17
VisualStudioVersion = 17.0.31903.59
MinimumVisualStudioVersion = 10.0.40219.1
Project("{2150E333-8FDC-42A3-9474-1A3956D46DE8}") = "Packages", "Packages", "{809F86A1-1C4C-B159-0CD4-DF9D33D876CE}"
EndProject
Project("{FAE04EC0-301F-11D3-BF4B-00C04F79EFBC}") = "KasaClient.ProcessorTests", "packages\KasaClient.ProcessorTests\KasaClient.ProcessorTests.csproj", "{455EFA68-B339-4F66-8C0F-B1EDEE90D02F}"
EndProject
Project("{2150E333-8FDC-42A3-9474-1A3956D46DE8}") = "Libraries", "Libraries", "{F2E35B3E-9711-EDEC-6202-DB40BDEED14A}"
EndProject
Project("{FAE04EC0-301F-11D3-BF4B-00C04F79EFBC}") = "KasaTapoClient", "sources\KasaClient\KasaClient\KasaTapoClient.csproj", "{C25096DE-F482-47C7-9125-F21E3F406BF5}"
EndProject
Project("{FAE04EC0-301F-11D3-BF4B-00C04F79EFBC}") = "KasaClient.Tests", "sources\KasaClient\KasaClient.Tests\KasaClient.Tests.csproj", "{553B3637-AF4B-4DC2-B090-996499181D8C}"
EndProject
Project("{2150E333-8FDC-42A3-9474-1A3956D46DE8}") = "Runner", "Runner", "{670CFE11-21B1-39BF-3A5B-4FA10AB6CBEB}"
EndProject
Project("{FAE04EC0-301F-11D3-BF4B-00C04F79EFBC}") = "CrestronHomeNUnit.Runner", "sources\CrestronHomeNUnit\CrestronHomeNUnit.Runner\CrestronHomeNUnit.Runner.csproj", "{73CCBF32-B788-4CF9-8634-FC7FF280150B}"
EndProject
Project("{FAE04EC0-301F-11D3-BF4B-00C04F79EFBC}") = "CrestronHomeNUnit.Transport", "sources\CrestronHomeNUnit\CrestronHomeNUnit.Transport\CrestronHomeNUnit.Transport.csproj", "{C728A8AF-3445-4ABE-BC72-ADF82B5EC382}"
EndProject
Global
	GlobalSection(SolutionConfigurationPlatforms) = preSolution
		Debug|Any CPU = Debug|Any CPU
		Debug|x64 = Debug|x64
		Debug|x86 = Debug|x86
		Release|Any CPU = Release|Any CPU
		Release|x64 = Release|x64
		Release|x86 = Release|x86
	EndGlobalSection
	GlobalSection(ProjectConfigurationPlatforms) = postSolution
		{455EFA68-B339-4F66-8C0F-B1EDEE90D02F}.Debug|Any CPU.ActiveCfg = Debug|Any CPU
		{455EFA68-B339-4F66-8C0F-B1EDEE90D02F}.Debug|Any CPU.Build.0 = Debug|Any CPU
		{455EFA68-B339-4F66-8C0F-B1EDEE90D02F}.Debug|x64.ActiveCfg = Debug|Any CPU
		{455EFA68-B339-4F66-8C0F-B1EDEE90D02F}.Debug|x64.Build.0 = Debug|Any CPU
		{455EFA68-B339-4F66-8C0F-B1EDEE90D02F}.Debug|x86.ActiveCfg = Debug|Any CPU
		{455EFA68-B339-4F66-8C0F-B1EDEE90D02F}.Debug|x86.Build.0 = Debug|Any CPU
		{455EFA68-B339-4F66-8C0F-B1EDEE90D02F}.Release|Any CPU.ActiveCfg = Release|Any CPU
		{455EFA68-B339-4F66-8C0F-B1EDEE90D02F}.Release|Any CPU.Build.0 = Release|Any CPU
		{455EFA68-B339-4F66-8C0F-B1EDEE90D02F}.Release|x64.ActiveCfg = Release|Any CPU
		{455EFA68-B339-4F66-8C0F-B1EDEE90D02F}.Release|x64.Build.0 = Release|Any CPU
		{455EFA68-B339-4F66-8C0F-B1EDEE90D02F}.Release|x86.ActiveCfg = Release|Any CPU
		{455EFA68-B339-4F66-8C0F-B1EDEE90D02F}.Release|x86.Build.0 = Release|Any CPU
		{C25096DE-F482-47C7-9125-F21E3F406BF5}.Debug|Any CPU.ActiveCfg = Debug|Any CPU
		{C25096DE-F482-47C7-9125-F21E3F406BF5}.Debug|Any CPU.Build.0 = Debug|Any CPU
		{C25096DE-F482-47C7-9125-F21E3F406BF5}.Debug|x64.ActiveCfg = Debug|Any CPU
		{C25096DE-F482-47C7-9125-F21E3F406BF5}.Debug|x64.Build.0 = Debug|Any CPU
		{C25096DE-F482-47C7-9125-F21E3F406BF5}.Debug|x86.ActiveCfg = Debug|Any CPU
		{C25096DE-F482-47C7-9125-F21E3F406BF5}.Debug|x86.Build.0 = Debug|Any CPU
		{C25096DE-F482-47C7-9125-F21E3F406BF5}.Release|Any CPU.ActiveCfg = Release|Any CPU
		{C25096DE-F482-47C7-9125-F21E3F406BF5}.Release|Any CPU.Build.0 = Release|Any CPU
		{C25096DE-F482-47C7-9125-F21E3F406BF5}.Release|x64.ActiveCfg = Release|Any CPU
		{C25096DE-F482-47C7-9125-F21E3F406BF5}.Release|x64.Build.0 = Release|Any CPU
		{C25096DE-F482-47C7-9125-F21E3F406BF5}.Release|x86.ActiveCfg = Release|Any CPU
		{C25096DE-F482-47C7-9125-F21E3F406BF5}.Release|x86.Build.0 = Release|Any CPU
		{553B3637-AF4B-4DC2-B090-996499181D8C}.Debug|Any CPU.ActiveCfg = Debug|Any CPU
		{553B3637-AF4B-4DC2-B090-996499181D8C}.Debug|Any CPU.Build.0 = Debug|Any CPU
		{553B3637-AF4B-4DC2-B090-996499181D8C}.Debug|x64.ActiveCfg = Debug|Any CPU
		{553B3637-AF4B-4DC2-B090-996499181D8C}.Debug|x64.Build.0 = Debug|Any CPU
		{553B3637-AF4B-4DC2-B090-996499181D8C}.Debug|x86.ActiveCfg = Debug|Any CPU
		{553B3637-AF4B-4DC2-B090-996499181D8C}.Debug|x86.Build.0 = Debug|Any CPU
		{553B3637-AF4B-4DC2-B090-996499181D8C}.Release|Any CPU.ActiveCfg = Release|Any CPU
		{553B3637-AF4B-4DC2-B090-996499181D8C}.Release|Any CPU.Build.0 = Release|Any CPU
		{553B3637-AF4B-4DC2-B090-996499181D8C}.Release|x64.ActiveCfg = Release|Any CPU
		{553B3637-AF4B-4DC2-B090-996499181D8C}.Release|x64.Build.0 = Release|Any CPU
		{553B3637-AF4B-4DC2-B090-996499181D8C}.Release|x86.ActiveCfg = Release|Any CPU
		{553B3637-AF4B-4DC2-B090-996499181D8C}.Release|x86.Build.0 = Release|Any CPU
		{73CCBF32-B788-4CF9-8634-FC7FF280150B}.Debug|Any CPU.ActiveCfg = Debug|Any CPU
		{73CCBF32-B788-4CF9-8634-FC7FF280150B}.Debug|Any CPU.Build.0 = Debug|Any CPU
		{73CCBF32-B788-4CF9-8634-FC7FF280150B}.Debug|x64.ActiveCfg = Debug|Any CPU
		{73CCBF32-B788-4CF9-8634-FC7FF280150B}.Debug|x64.Build.0 = Debug|Any CPU
		{73CCBF32-B788-4CF9-8634-FC7FF280150B}.Debug|x86.ActiveCfg = Debug|Any CPU
		{73CCBF32-B788-4CF9-8634-FC7FF280150B}.Debug|x86.Build.0 = Debug|Any CPU
		{73CCBF32-B788-4CF9-8634-FC7FF280150B}.Release|Any CPU.ActiveCfg = Release|Any CPU
		{73CCBF32-B788-4CF9-8634-FC7FF280150B}.Release|Any CPU.Build.0 = Release|Any CPU
		{73CCBF32-B788-4CF9-8634-FC7FF280150B}.Release|x64.ActiveCfg = Release|Any CPU
		{73CCBF32-B788-4CF9-8634-FC7FF280150B}.Release|x64.Build.0 = Release|Any CPU
		{73CCBF32-B788-4CF9-8634-FC7FF280150B}.Release|x86.ActiveCfg = Release|Any CPU
		{73CCBF32-B788-4CF9-8634-FC7FF280150B}.Release|x86.Build.0 = Release|Any CPU
		{C728A8AF-3445-4ABE-BC72-ADF82B5EC382}.Debug|Any CPU.ActiveCfg = Debug|Any CPU
		{C728A8AF-3445-4ABE-BC72-ADF82B5EC382}.Debug|Any CPU.Build.0 = Debug|Any CPU
		{C728A8AF-3445-4ABE-BC72-ADF82B5EC382}.Debug|x64.ActiveCfg = Debug|Any CPU
		{C728A8AF-3445-4ABE-BC72-ADF82B5EC382}.Debug|x64.Build.0 = Debug|Any CPU
		{C728A8AF-3445-4ABE-BC72-ADF82B5EC382}.Debug|x86.ActiveCfg = Debug|Any CPU
		{C728A8AF-3445-4ABE-BC72-ADF82B5EC382}.Debug|x86.Build.0 = Debug|Any CPU
		{C728A8AF-3445-4ABE-BC72-ADF82B5EC382}.Release|Any CPU.ActiveCfg = Release|Any CPU
		{C728A8AF-3445-4ABE-BC72-ADF82B5EC382}.Release|Any CPU.Build.0 = Release|Any CPU
		{C728A8AF-3445-4ABE-BC72-ADF82B5EC382}.Release|x64.ActiveCfg = Release|Any CPU
		{C728A8AF-3445-4ABE-BC72-ADF82B5EC382}.Release|x64.Build.0 = Release|Any CPU
		{C728A8AF-3445-4ABE-BC72-ADF82B5EC382}.Release|x86.ActiveCfg = Release|Any CPU
		{C728A8AF-3445-4ABE-BC72-ADF82B5EC382}.Release|x86.Build.0 = Release|Any CPU
	EndGlobalSection
	GlobalSection(SolutionProperties) = preSolution
		HideSolutionNode = FALSE
	EndGlobalSection
	GlobalSection(NestedProjects) = preSolution
		{455EFA68-B339-4F66-8C0F-B1EDEE90D02F} = {809F86A1-1C4C-B159-0CD4-DF9D33D876CE}
		{C25096DE-F482-47C7-9125-F21E3F406BF5} = {F2E35B3E-9711-EDEC-6202-DB40BDEED14A}
		{553B3637-AF4B-4DC2-B090-996499181D8C} = {F2E35B3E-9711-EDEC-6202-DB40BDEED14A}
		{73CCBF32-B788-4CF9-8634-FC7FF280150B} = {670CFE11-21B1-39BF-3A5B-4FA10AB6CBEB}
		{C728A8AF-3445-4ABE-BC72-ADF82B5EC382} = {670CFE11-21B1-39BF-3A5B-4FA10AB6CBEB}
	EndGlobalSection
EndGlobal
